
Microsoft Visual Studio Solution File, Format Version 12.00
# Visual Studio 14
VisualStudioVersion = 14.0.25420.1
MinimumVisualStudioVersion = 10.0.40219.1
Project("{FAE04EC0-301F-11D3-BF4B-00C04F79EFBC}") = "pcsd", "pcsd\pcsd.csproj", "{50A038EF-D795-425E-8EC5-10545C7C4BDD}"
	ProjectSection(ProjectDependencies) = postProject
		{1AAB2785-6BF9-48C3-BA75-BCB1E90349C2} = {1AAB2785-6BF9-48C3-BA75-BCB1E90349C2}
		{E61219F0-B398-41A7-B205-A814020FEC0D} = {E61219F0-B398-41A7-B205-A814020FEC0D}
	EndProjectSection
EndProject
Project("{FAE04EC0-301F-11D3-BF4B-00C04F79EFBC}") = "pcsd.plugin.console", "plugins\pcsd.plugin.console\pcsd.plugin.console.csproj", "{71832326-533F-4825-A5D3-6881E57C013A}"
EndProject
Project("{FAE04EC0-301F-11D3-BF4B-00C04F79EFBC}") = "pcsd.plugins", "pcsd.plugins\pcsd.plugins.csproj", "{44332365-D226-4851-A83C-D3555A4AB300}"
EndProject
Project("{FAE04EC0-301F-11D3-BF4B-00C04F79EFBC}") = "unittests.plugins", "pcsd.tests\unittests.plugins.csproj", "{498AD21C-C014-47AE-BA04-4E71A0416533}"
EndProject
Project("{FAE04EC0-301F-11D3-BF4B-00C04F79EFBC}") = "pcsd.plugin.file", "plugins\pcsd.plugin.file\pcsd.plugin.file.csproj", "{FBC7FC58-1C4A-4408-AF31-2906AAE0CE24}"
EndProject
Project("{2150E333-8FDC-42A3-9474-1A3956D46DE8}") = "Plugins", "Plugins", "{1F7F40E3-6D16-4E46-9C0A-3AD9A90917AE}"
EndProject
Project("{FAE04EC0-301F-11D3-BF4B-00C04F79EFBC}") = "UnitTest.pcsd.connection", "UnitTest.pcsd.connection\UnitTest.pcsd.connection.csproj", "{FEAAF839-E1A0-4D63-B0DE-0B1158893CAA}"
EndProject
Project("{FAE04EC0-301F-11D3-BF4B-00C04F79EFBC}") = "pcsd.plugin.sql", "plugins\pcsd.plugin.sql\pcsd.plugin.sql.csproj", "{1AAB2785-6BF9-48C3-BA75-BCB1E90349C2}"
EndProject
Project("{FAE04EC0-301F-11D3-BF4B-00C04F79EFBC}") = "pcsd.plugin.csv", "plugins\pcsd.plugin.csv\pcsd.plugin.csv.csproj", "{E61219F0-B398-41A7-B205-A814020FEC0D}"
EndProject
Project("{FAE04EC0-301F-11D3-BF4B-00C04F79EFBC}") = "unittests.sql", "unittests.sql\unittests.sql.csproj", "{DCA9C547-686D-4C3B-9F4D-923341082EDF}"
EndProject
Project("{2150E333-8FDC-42A3-9474-1A3956D46DE8}") = "Tests", "Tests", "{EE610482-4B01-45F5-9C2A-4BA9F6D1C4F7}"
EndProject
Project("{2150E333-8FDC-42A3-9474-1A3956D46DE8}") = "UI", "UI", "{E5C5FDAD-278D-455B-8708-3A450D406CE8}"
EndProject
Project("{FAE04EC0-301F-11D3-BF4B-00C04F79EFBC}") = "pcsd.ui", "pcsd.ui\pcsd.ui.csproj", "{65F588E7-0DCC-46EE-9C19-3F9FFD95B531}"
EndProject
Project("{930C7802-8A8C-48F9-8165-68863BCCD9DD}") = "pcsd.installer", "pcsd.installer\pcsd.installer.wixproj", "{054786C6-13BD-467C-BAEA-D8423BDBB937}"
EndProject
Global
	GlobalSection(SolutionConfigurationPlatforms) = preSolution
		Debug|Any CPU = Debug|Any CPU
		Debug|x86 = Debug|x86
		Release|Any CPU = Release|Any CPU
		Release|x86 = Release|x86
	EndGlobalSection
	GlobalSection(ProjectConfigurationPlatforms) = postSolution
		{50A038EF-D795-425E-8EC5-10545C7C4BDD}.Debug|Any CPU.ActiveCfg = Debug|Any CPU
		{50A038EF-D795-425E-8EC5-10545C7C4BDD}.Debug|Any CPU.Build.0 = Debug|Any CPU
		{50A038EF-D795-425E-8EC5-10545C7C4BDD}.Debug|x86.ActiveCfg = Debug|Any CPU
		{50A038EF-D795-425E-8EC5-10545C7C4BDD}.Debug|x86.Build.0 = Debug|Any CPU
		{50A038EF-D795-425E-8EC5-10545C7C4BDD}.Release|Any CPU.ActiveCfg = Release|Any CPU
		{50A038EF-D795-425E-8EC5-10545C7C4BDD}.Release|Any CPU.Build.0 = Release|Any CPU
		{50A038EF-D795-425E-8EC5-10545C7C4BDD}.Release|x86.ActiveCfg = Release|Any CPU
		{50A038EF-D795-425E-8EC5-10545C7C4BDD}.Release|x86.Build.0 = Release|Any CPU
		{71832326-533F-4825-A5D3-6881E57C013A}.Debug|Any CPU.ActiveCfg = Debug|Any CPU
		{71832326-533F-4825-A5D3-6881E57C013A}.Debug|Any CPU.Build.0 = Debug|Any CPU
		{71832326-533F-4825-A5D3-6881E57C013A}.Debug|x86.ActiveCfg = Debug|Any CPU
		{71832326-533F-4825-A5D3-6881E57C013A}.Debug|x86.Build.0 = Debug|Any CPU
		{71832326-533F-4825-A5D3-6881E57C013A}.Release|Any CPU.ActiveCfg = Release|Any CPU
		{71832326-533F-4825-A5D3-6881E57C013A}.Release|Any CPU.Build.0 = Release|Any CPU
		{71832326-533F-4825-A5D3-6881E57C013A}.Release|x86.ActiveCfg = Release|Any CPU
		{71832326-533F-4825-A5D3-6881E57C013A}.Release|x86.Build.0 = Release|Any CPU
		{44332365-D226-4851-A83C-D3555A4AB300}.Debug|Any CPU.ActiveCfg = Debug|Any CPU
		{44332365-D226-4851-A83C-D3555A4AB300}.Debug|Any CPU.Build.0 = Debug|Any CPU
		{44332365-D226-4851-A83C-D3555A4AB300}.Debug|x86.ActiveCfg = Debug|Any CPU
		{44332365-D226-4851-A83C-D3555A4AB300}.Debug|x86.Build.0 = Debug|Any CPU
		{44332365-D226-4851-A83C-D3555A4AB300}.Release|Any CPU.ActiveCfg = Release|Any CPU
		{44332365-D226-4851-A83C-D3555A4AB300}.Release|Any CPU.Build.0 = Release|Any CPU
		{44332365-D226-4851-A83C-D3555A4AB300}.Release|x86.ActiveCfg = Release|Any CPU
		{44332365-D226-4851-A83C-D3555A4AB300}.Release|x86.Build.0 = Release|Any CPU
		{498AD21C-C014-47AE-BA04-4E71A0416533}.Debug|Any CPU.ActiveCfg = Debug|Any CPU
		{498AD21C-C014-47AE-BA04-4E71A0416533}.Debug|Any CPU.Build.0 = Debug|Any CPU
		{498AD21C-C014-47AE-BA04-4E71A0416533}.Debug|x86.ActiveCfg = Debug|Any CPU
		{498AD21C-C014-47AE-BA04-4E71A0416533}.Debug|x86.Build.0 = Debug|Any CPU
		{498AD21C-C014-47AE-BA04-4E71A0416533}.Release|Any CPU.ActiveCfg = Release|Any CPU
		{498AD21C-C014-47AE-BA04-4E71A0416533}.Release|Any CPU.Build.0 = Release|Any CPU
		{498AD21C-C014-47AE-BA04-4E71A0416533}.Release|x86.ActiveCfg = Release|Any CPU
		{498AD21C-C014-47AE-BA04-4E71A0416533}.Release|x86.Build.0 = Release|Any CPU
		{FBC7FC58-1C4A-4408-AF31-2906AAE0CE24}.Debug|Any CPU.ActiveCfg = Debug|Any CPU
		{FBC7FC58-1C4A-4408-AF31-2906AAE0CE24}.Debug|Any CPU.Build.0 = Debug|Any CPU
		{FBC7FC58-1C4A-4408-AF31-2906AAE0CE24}.Debug|x86.ActiveCfg = Debug|Any CPU
		{FBC7FC58-1C4A-4408-AF31-2906AAE0CE24}.Debug|x86.Build.0 = Debug|Any CPU
		{FBC7FC58-1C4A-4408-AF31-2906AAE0CE24}.Release|Any CPU.ActiveCfg = Release|Any CPU
		{FBC7FC58-1C4A-4408-AF31-2906AAE0CE24}.Release|Any CPU.Build.0 = Release|Any CPU
		{FBC7FC58-1C4A-4408-AF31-2906AAE0CE24}.Release|x86.ActiveCfg = Release|Any CPU
		{FBC7FC58-1C4A-4408-AF31-2906AAE0CE24}.Release|x86.Build.0 = Release|Any CPU
		{FEAAF839-E1A0-4D63-B0DE-0B1158893CAA}.Debug|Any CPU.ActiveCfg = Debug|Any CPU
		{FEAAF839-E1A0-4D63-B0DE-0B1158893CAA}.Debug|Any CPU.Build.0 = Debug|Any CPU
		{FEAAF839-E1A0-4D63-B0DE-0B1158893CAA}.Debug|x86.ActiveCfg = Debug|Any CPU
		{FEAAF839-E1A0-4D63-B0DE-0B1158893CAA}.Debug|x86.Build.0 = Debug|Any CPU
		{FEAAF839-E1A0-4D63-B0DE-0B1158893CAA}.Release|Any CPU.ActiveCfg = Release|Any CPU
		{FEAAF839-E1A0-4D63-B0DE-0B1158893CAA}.Release|Any CPU.Build.0 = Release|Any CPU
		{FEAAF839-E1A0-4D63-B0DE-0B1158893CAA}.Release|x86.ActiveCfg = Release|Any CPU
		{FEAAF839-E1A0-4D63-B0DE-0B1158893CAA}.Release|x86.Build.0 = Release|Any CPU
		{1AAB2785-6BF9-48C3-BA75-BCB1E90349C2}.Debug|Any CPU.ActiveCfg = Debug|Any CPU
		{1AAB2785-6BF9-48C3-BA75-BCB1E90349C2}.Debug|Any CPU.Build.0 = Debug|Any CPU
		{1AAB2785-6BF9-48C3-BA75-BCB1E90349C2}.Debug|x86.ActiveCfg = Debug|Any CPU
		{1AAB2785-6BF9-48C3-BA75-BCB1E90349C2}.Debug|x86.Build.0 = Debug|Any CPU
		{1AAB2785-6BF9-48C3-BA75-BCB1E90349C2}.Release|Any CPU.ActiveCfg = Release|Any CPU
		{1AAB2785-6BF9-48C3-BA75-BCB1E90349C2}.Release|Any CPU.Build.0 = Release|Any CPU
		{1AAB2785-6BF9-48C3-BA75-BCB1E90349C2}.Release|x86.ActiveCfg = Release|Any CPU
		{1AAB2785-6BF9-48C3-BA75-BCB1E90349C2}.Release|x86.Build.0 = Release|Any CPU
		{E61219F0-B398-41A7-B205-A814020FEC0D}.Debug|Any CPU.ActiveCfg = Debug|Any CPU
		{E61219F0-B398-41A7-B205-A814020FEC0D}.Debug|Any CPU.Build.0 = Debug|Any CPU
		{E61219F0-B398-41A7-B205-A814020FEC0D}.Debug|x86.ActiveCfg = Debug|Any CPU
		{E61219F0-B398-41A7-B205-A814020FEC0D}.Debug|x86.Build.0 = Debug|Any CPU
		{E61219F0-B398-41A7-B205-A814020FEC0D}.Release|Any CPU.ActiveCfg = Release|Any CPU
		{E61219F0-B398-41A7-B205-A814020FEC0D}.Release|Any CPU.Build.0 = Release|Any CPU
		{E61219F0-B398-41A7-B205-A814020FEC0D}.Release|x86.ActiveCfg = Release|Any CPU
		{E61219F0-B398-41A7-B205-A814020FEC0D}.Release|x86.Build.0 = Release|Any CPU
		{DCA9C547-686D-4C3B-9F4D-923341082EDF}.Debug|Any CPU.ActiveCfg = Debug|Any CPU
		{DCA9C547-686D-4C3B-9F4D-923341082EDF}.Debug|Any CPU.Build.0 = Debug|Any CPU
		{DCA9C547-686D-4C3B-9F4D-923341082EDF}.Debug|x86.ActiveCfg = Debug|Any CPU
		{DCA9C547-686D-4C3B-9F4D-923341082EDF}.Debug|x86.Build.0 = Debug|Any CPU
		{DCA9C547-686D-4C3B-9F4D-923341082EDF}.Release|Any CPU.ActiveCfg = Release|Any CPU
		{DCA9C547-686D-4C3B-9F4D-923341082EDF}.Release|Any CPU.Build.0 = Release|Any CPU
		{DCA9C547-686D-4C3B-9F4D-923341082EDF}.Release|x86.ActiveCfg = Release|Any CPU
		{DCA9C547-686D-4C3B-9F4D-923341082EDF}.Release|x86.Build.0 = Release|Any CPU
		{65F588E7-0DCC-46EE-9C19-3F9FFD95B531}.Debug|Any CPU.ActiveCfg = Debug|Any CPU
		{65F588E7-0DCC-46EE-9C19-3F9FFD95B531}.Debug|Any CPU.Build.0 = Debug|Any CPU
		{65F588E7-0DCC-46EE-9C19-3F9FFD95B531}.Debug|x86.ActiveCfg = Debug|Any CPU
		{65F588E7-0DCC-46EE-9C19-3F9FFD95B531}.Debug|x86.Build.0 = Debug|Any CPU
		{65F588E7-0DCC-46EE-9C19-3F9FFD95B531}.Release|Any CPU.ActiveCfg = Release|Any CPU
		{65F588E7-0DCC-46EE-9C19-3F9FFD95B531}.Release|Any CPU.Build.0 = Release|Any CPU
		{65F588E7-0DCC-46EE-9C19-3F9FFD95B531}.Release|x86.ActiveCfg = Release|Any CPU
		{65F588E7-0DCC-46EE-9C19-3F9FFD95B531}.Release|x86.Build.0 = Release|Any CPU
		{054786C6-13BD-467C-BAEA-D8423BDBB937}.Debug|Any CPU.ActiveCfg = Debug|x86
		{054786C6-13BD-467C-BAEA-D8423BDBB937}.Debug|x86.ActiveCfg = Debug|x86
		{054786C6-13BD-467C-BAEA-D8423BDBB937}.Debug|x86.Build.0 = Debug|x86
		{054786C6-13BD-467C-BAEA-D8423BDBB937}.Release|Any CPU.ActiveCfg = Release|x86
		{054786C6-13BD-467C-BAEA-D8423BDBB937}.Release|x86.ActiveCfg = Release|x86
		{054786C6-13BD-467C-BAEA-D8423BDBB937}.Release|x86.Build.0 = Release|x86
	EndGlobalSection
	GlobalSection(SolutionProperties) = preSolution
		HideSolutionNode = FALSE
	EndGlobalSection
	GlobalSection(NestedProjects) = preSolution
		{71832326-533F-4825-A5D3-6881E57C013A} = {1F7F40E3-6D16-4E46-9C0A-3AD9A90917AE}
		{44332365-D226-4851-A83C-D3555A4AB300} = {1F7F40E3-6D16-4E46-9C0A-3AD9A90917AE}
		{498AD21C-C014-47AE-BA04-4E71A0416533} = {EE610482-4B01-45F5-9C2A-4BA9F6D1C4F7}
		{FBC7FC58-1C4A-4408-AF31-2906AAE0CE24} = {1F7F40E3-6D16-4E46-9C0A-3AD9A90917AE}
		{FEAAF839-E1A0-4D63-B0DE-0B1158893CAA} = {EE610482-4B01-45F5-9C2A-4BA9F6D1C4F7}
		{1AAB2785-6BF9-48C3-BA75-BCB1E90349C2} = {1F7F40E3-6D16-4E46-9C0A-3AD9A90917AE}
		{E61219F0-B398-41A7-B205-A814020FEC0D} = {1F7F40E3-6D16-4E46-9C0A-3AD9A90917AE}
		{DCA9C547-686D-4C3B-9F4D-923341082EDF} = {EE610482-4B01-45F5-9C2A-4BA9F6D1C4F7}
		{65F588E7-0DCC-46EE-9C19-3F9FFD95B531} = {E5C5FDAD-278D-455B-8708-3A450D406CE8}
	EndGlobalSection
EndGlobal
